
Microsoft Visual Studio Solution File, Format Version 12.00
# Visual Studio Version 16
VisualStudioVersion = 16.0.32126.315
MinimumVisualStudioVersion = 10.0.40219.1
Project("{FAE04EC0-301F-11D3-BF4B-00C04F79EFBC}") = "StackCollection", "StackCollection\StackCollection.csproj", "{5BD062A3-DCB1-41F3-9DE8-CCB45EAFFB42}"
EndProject
Global
	GlobalSection(SolutionConfigurationPlatforms) = preSolution
		Debug|Any CPU = Debug|Any CPU
		Release|Any CPU = Release|Any CPU
	EndGlobalSection
	GlobalSection(ProjectConfigurationPlatforms) = postSolution
		{5BD062A3-DCB1-41F3-9DE8-CCB45EAFFB42}.Debug|Any CPU.ActiveCfg = Debug|Any CPU
		{5BD062A3-DCB1-41F3-9DE8-CCB45EAFFB42}.Debug|Any CPU.Build.0 = Debug|Any CPU
		{5BD062A3-DCB1-41F3-9DE8-CCB45EAFFB42}.Release|Any CPU.ActiveCfg = Release|Any CPU
		{5BD062A3-DCB1-41F3-9DE8-CCB45EAFFB42}.Release|Any CPU.Build.0 = Release|Any CPU
	EndGlobalSection
	GlobalSection(SolutionProperties) = preSolution
		HideSolutionNode = FALSE
	EndGlobalSection
	GlobalSection(ExtensibilityGlobals) = postSolution
		SolutionGuid = {B191DC19-1EF1-48B7-AC5A-F81DB1883042}
	EndGlobalSection
EndGlobal
