
Microsoft Visual Studio Solution File, Format Version 12.00
# Visual Studio Version 16
VisualStudioVersion = 16.0.32126.315
MinimumVisualStudioVersion = 10.0.40219.1
Project("{FAE04EC0-301F-11D3-BF4B-00C04F79EFBC}") = "SumOfEven1toN", "SumOfEven1toN\SumOfEven1toN.csproj", "{235E5B0A-6254-420B-8C1E-31947C8F81F9}"
EndProject
Global
	GlobalSection(SolutionConfigurationPlatforms) = preSolution
		Debug|Any CPU = Debug|Any CPU
		Release|Any CPU = Release|Any CPU
	EndGlobalSection
	GlobalSection(ProjectConfigurationPlatforms) = postSolution
		{235E5B0A-6254-420B-8C1E-31947C8F81F9}.Debug|Any CPU.ActiveCfg = Debug|Any CPU
		{235E5B0A-6254-420B-8C1E-31947C8F81F9}.Debug|Any CPU.Build.0 = Debug|Any CPU
		{235E5B0A-6254-420B-8C1E-31947C8F81F9}.Release|Any CPU.ActiveCfg = Release|Any CPU
		{235E5B0A-6254-420B-8C1E-31947C8F81F9}.Release|Any CPU.Build.0 = Release|Any CPU
	EndGlobalSection
	GlobalSection(SolutionProperties) = preSolution
		HideSolutionNode = FALSE
	EndGlobalSection
	GlobalSection(ExtensibilityGlobals) = postSolution
		SolutionGuid = {39705DE2-5196-43E4-88CF-266294B000B5}
	EndGlobalSection
EndGlobal
