
Microsoft Visual Studio Solution File, Format Version 12.00
# Visual Studio Version 16
VisualStudioVersion = 16.0.32126.315
MinimumVisualStudioVersion = 10.0.40219.1
Project("{FAE04EC0-301F-11D3-BF4B-00C04F79EFBC}") = "reverseAString", "reverseAString\reverseAString.csproj", "{2DD4ABAD-13DA-48E8-90B5-950A15857D5C}"
EndProject
Global
	GlobalSection(SolutionConfigurationPlatforms) = preSolution
		Debug|Any CPU = Debug|Any CPU
		Release|Any CPU = Release|Any CPU
	EndGlobalSection
	GlobalSection(ProjectConfigurationPlatforms) = postSolution
		{2DD4ABAD-13DA-48E8-90B5-950A15857D5C}.Debug|Any CPU.ActiveCfg = Debug|Any CPU
		{2DD4ABAD-13DA-48E8-90B5-950A15857D5C}.Debug|Any CPU.Build.0 = Debug|Any CPU
		{2DD4ABAD-13DA-48E8-90B5-950A15857D5C}.Release|Any CPU.ActiveCfg = Release|Any CPU
		{2DD4ABAD-13DA-48E8-90B5-950A15857D5C}.Release|Any CPU.Build.0 = Release|Any CPU
	EndGlobalSection
	GlobalSection(SolutionProperties) = preSolution
		HideSolutionNode = FALSE
	EndGlobalSection
	GlobalSection(ExtensibilityGlobals) = postSolution
		SolutionGuid = {8E563FF0-4191-4363-92E3-7FDC7BB6626D}
	EndGlobalSection
EndGlobal
