
Microsoft Visual Studio Solution File, Format Version 12.00
# Visual Studio Version 16
VisualStudioVersion = 16.0.32126.315
MinimumVisualStudioVersion = 10.0.40219.1
Project("{FAE04EC0-301F-11D3-BF4B-00C04F79EFBC}") = "ArmstrongNumber", "ArmstrongNumber\ArmstrongNumber.csproj", "{E8479B52-BB79-4475-83A0-28EFF8D92DEF}"
EndProject
Global
	GlobalSection(SolutionConfigurationPlatforms) = preSolution
		Debug|Any CPU = Debug|Any CPU
		Release|Any CPU = Release|Any CPU
	EndGlobalSection
	GlobalSection(ProjectConfigurationPlatforms) = postSolution
		{E8479B52-BB79-4475-83A0-28EFF8D92DEF}.Debug|Any CPU.ActiveCfg = Debug|Any CPU
		{E8479B52-BB79-4475-83A0-28EFF8D92DEF}.Debug|Any CPU.Build.0 = Debug|Any CPU
		{E8479B52-BB79-4475-83A0-28EFF8D92DEF}.Release|Any CPU.ActiveCfg = Release|Any CPU
		{E8479B52-BB79-4475-83A0-28EFF8D92DEF}.Release|Any CPU.Build.0 = Release|Any CPU
	EndGlobalSection
	GlobalSection(SolutionProperties) = preSolution
		HideSolutionNode = FALSE
	EndGlobalSection
	GlobalSection(ExtensibilityGlobals) = postSolution
		SolutionGuid = {A478A140-FCF0-4FBD-9738-019DEE5771FD}
	EndGlobalSection
EndGlobal
